// !$*UTF8*$!
{
	archiveVersion = 1;
	classes = {
	};
	objectVersion = 46;
	objects = {

/* Begin PBXAggregateTarget section */
		1C7F3812CE9A42DA8072B1D0 /* ZERO_CHECK */ = {
			isa = PBXAggregateTarget;
			buildConfigurationList = EE4E5025100445A9ABF0F521 /* Build configuration list for PBXAggregateTarget "ZERO_CHECK" */;
			buildPhases = (
				27DC9BD001FE4A5D9617EE8A /* Generate CMakeFiles/ZERO_CHECK */,
			);
			dependencies = (
			);
			name = ZERO_CHECK;
			productName = ZERO_CHECK;
		};
		71FB5D18BAF4481594930052 /* OrderBookWidget_autogen */ = {
			isa = PBXAggregateTarget;
			buildConfigurationList = 0AD3EC32D77B4DCCA63D83D8 /* Build configuration list for PBXAggregateTarget "OrderBookWidget_autogen" */;
			buildPhases = (
				3A888B40CF996755B339A34F /* Generate CMakeFiles/OrderBookWidget_autogen */,
			);
			dependencies = (
				4FE01C7C836649A796E90A59 /* PBXTargetDependency */,
			);
			name = OrderBookWidget_autogen;
			productName = OrderBookWidget_autogen;
		};
		A4388912DF704ADE8E661A44 /* ALL_BUILD */ = {
			isa = PBXAggregateTarget;
			buildConfigurationList = AED941C49D34480C851664BC /* Build configuration list for PBXAggregateTarget "ALL_BUILD" */;
			buildPhases = (
				09A765E903C6DB0AA6BFC56E /* Generate CMakeFiles/ALL_BUILD */,
			);
			dependencies = (
				9508761F6FCC41178A6E6F08 /* PBXTargetDependency */,
				00AD660BFF6747B8B8B702E0 /* PBXTargetDependency */,
			);
			name = ALL_BUILD;
			productName = ALL_BUILD;
		};
		D7FA498E92F448BA9C24DDDF /* install */ = {
			isa = PBXAggregateTarget;
			buildConfigurationList = 02C1E618EC9C4A75BC5880CB /* Build configuration list for PBXAggregateTarget "install" */;
			buildPhases = (
				93426DA6A4AC2C2AC9CE883C /* CMake PostBuild Rules */,
			);
			dependencies = (
				A35A4E9247874C9E9CFDE016 /* PBXTargetDependency */,
			);
			name = install;
			productName = install;
		};
/* End PBXAggregateTarget section */

/* Begin PBXBuildFile section */
		3DFEEC6FDB88406392CB1A45 /* /Users/shreyashonnalli/Desktop/Group Project/GroupRepo/cpp codebase/buildXcode/OrderBookWidget/OrderBookWidget_autogen/mocs_compilation.cpp */ = {isa = PBXBuildFile; fileRef = 48CFFECD4D194BB1A01115EF /* /Users/shreyashonnalli/Desktop/Group Project/GroupRepo/cpp codebase/buildXcode/OrderBookWidget/OrderBookWidget_autogen/mocs_compilation.cpp */; };
		8503E250CCEC471E93D6274C /* /Users/shreyashonnalli/Desktop/Group Project/GroupRepo/cpp codebase/OrderBookWidget/OrderBookWidget.hpp */ = {isa = PBXBuildFile; fileRef = 5939FD2941B7499EAADAB16F /* /Users/shreyashonnalli/Desktop/Group Project/GroupRepo/cpp codebase/OrderBookWidget/OrderBookWidget.hpp */; };
		9CEE6E92E29F439E95D3F9F2 /* /Users/shreyashonnalli/Desktop/Group Project/GroupRepo/cpp codebase/OrderBookWidget/OrderBookWidget.cpp */ = {isa = PBXBuildFile; fileRef = 3FA61B7503CC4BE5BB3E4A84 /* /Users/shreyashonnalli/Desktop/Group Project/GroupRepo/cpp codebase/OrderBookWidget/OrderBookWidget.cpp */; };
		AD88E87BEBBD4DF5959411E7 /* /Users/shreyashonnalli/Desktop/Group Project/GroupRepo/cpp codebase/OrderBookWidget/CMakeLists.txt */ = {isa = PBXBuildFile; fileRef = BECD1BC7614844CD8289A022 /* /Users/shreyashonnalli/Desktop/Group Project/GroupRepo/cpp codebase/OrderBookWidget/CMakeLists.txt */; };
/* End PBXBuildFile section */

/* Begin PBXBuildStyle section */
		1ABAC777BF684DAA96F92F50 /* MinSizeRel */ = {
			isa = PBXBuildStyle;
			buildSettings = {
				COPY_PHASE_STRIP = NO;
			};
			name = MinSizeRel;
		};
		23361413B4A94085B6F5EE71 /* RelWithDebInfo */ = {
			isa = PBXBuildStyle;
			buildSettings = {
				COPY_PHASE_STRIP = NO;
			};
			name = RelWithDebInfo;
		};
		540C6F02D609446BB7B8758F /* Debug */ = {
			isa = PBXBuildStyle;
			buildSettings = {
				COPY_PHASE_STRIP = NO;
			};
			name = Debug;
		};
		99C1B457809D4F80A3A5BD8C /* Release */ = {
			isa = PBXBuildStyle;
			buildSettings = {
				COPY_PHASE_STRIP = NO;
			};
			name = Release;
		};
/* End PBXBuildStyle section */

/* Begin PBXContainerItemProxy section */
		28341F6C170147BDBE4A4FD0 /* PBXContainerItemProxy */ = {
			isa = PBXContainerItemProxy;
			containerPortal = 7EB469D99B624416AA1EEFE9 /* Project object */;
			proxyType = 1;
			remoteGlobalIDString = 71FB5D18BAF4481594930052;
			remoteInfo = OrderBookWidget_autogen;
		};
		29F0102345164A028F1C3925 /* PBXContainerItemProxy */ = {
			isa = PBXContainerItemProxy;
			containerPortal = 7EB469D99B624416AA1EEFE9 /* Project object */;
			proxyType = 1;
			remoteGlobalIDString = A4388912DF704ADE8E661A44;
			remoteInfo = ALL_BUILD;
		};
		40ED0B939AD34227AC76A565 /* PBXContainerItemProxy */ = {
			isa = PBXContainerItemProxy;
			containerPortal = 7EB469D99B624416AA1EEFE9 /* Project object */;
			proxyType = 1;
			remoteGlobalIDString = 6E6EFA17C0EA4808A92B8CD9;
			remoteInfo = OrderBookWidget;
		};
		6D377C87A62E43828FD8ED16 /* PBXContainerItemProxy */ = {
			isa = PBXContainerItemProxy;
			containerPortal = 7EB469D99B624416AA1EEFE9 /* Project object */;
			proxyType = 1;
			remoteGlobalIDString = 1C7F3812CE9A42DA8072B1D0;
			remoteInfo = ZERO_CHECK;
		};
		83E1DCA2B5FC43CAA26AAA09 /* PBXContainerItemProxy */ = {
			isa = PBXContainerItemProxy;
			containerPortal = 7EB469D99B624416AA1EEFE9 /* Project object */;
			proxyType = 1;
			remoteGlobalIDString = 1C7F3812CE9A42DA8072B1D0;
			remoteInfo = ZERO_CHECK;
		};
		D66FC70AD7F149E9BCCC0003 /* PBXContainerItemProxy */ = {
			isa = PBXContainerItemProxy;
			containerPortal = 7EB469D99B624416AA1EEFE9 /* Project object */;
			proxyType = 1;
			remoteGlobalIDString = 1C7F3812CE9A42DA8072B1D0;
			remoteInfo = ZERO_CHECK;
		};
/* End PBXContainerItemProxy section */

/* Begin PBXFileReference section */
		0F7790CF564845BE961801A3 /* /Users/shreyashonnalli/Desktop/Group Project/GroupRepo/cpp codebase/OrderBookWidget/CMakeLists.txt */ = {isa = PBXFileReference; explicitFileType = sourcecode.text; fileEncoding = 4; name = CMakeLists.txt; path = CMakeLists.txt; sourceTree = SOURCE_ROOT; };
		28AC616D06224A36A6D13ABF /* OrderBookWidget */ = {isa = PBXFileReference; explicitFileType = archive.ar; path = libOrderBookWidget.a; sourceTree = BUILT_PRODUCTS_DIR; };
		3FA61B7503CC4BE5BB3E4A84 /* /Users/shreyashonnalli/Desktop/Group Project/GroupRepo/cpp codebase/OrderBookWidget/OrderBookWidget.cpp */ = {isa = PBXFileReference; explicitFileType = sourcecode.cpp.cpp; fileEncoding = 4; name = OrderBookWidget.cpp; path = OrderBookWidget.cpp; sourceTree = SOURCE_ROOT; };
		48CFFECD4D194BB1A01115EF /* /Users/shreyashonnalli/Desktop/Group Project/GroupRepo/cpp codebase/buildXcode/OrderBookWidget/OrderBookWidget_autogen/mocs_compilation.cpp */ = {isa = PBXFileReference; explicitFileType = sourcecode.cpp.cpp; fileEncoding = 4; name = mocs_compilation.cpp; path = "/Users/shreyashonnalli/Desktop/Group Project/GroupRepo/cpp codebase/buildXcode/OrderBookWidget/OrderBookWidget_autogen/mocs_compilation.cpp"; sourceTree = "<absolute>"; };
		58E051A1575F40159AB5735C /* /Users/shreyashonnalli/Desktop/Group Project/GroupRepo/cpp codebase/OrderBookWidget/CMakeLists.txt */ = {isa = PBXFileReference; explicitFileType = sourcecode.text; fileEncoding = 4; name = CMakeLists.txt; path = CMakeLists.txt; sourceTree = SOURCE_ROOT; };
		5939FD2941B7499EAADAB16F /* /Users/shreyashonnalli/Desktop/Group Project/GroupRepo/cpp codebase/OrderBookWidget/OrderBookWidget.hpp */ = {isa = PBXFileReference; explicitFileType = sourcecode.cpp.h; fileEncoding = 4; name = OrderBookWidget.hpp; path = OrderBookWidget.hpp; sourceTree = SOURCE_ROOT; };
		BECD1BC7614844CD8289A022 /* /Users/shreyashonnalli/Desktop/Group Project/GroupRepo/cpp codebase/OrderBookWidget/CMakeLists.txt */ = {isa = PBXFileReference; explicitFileType = sourcecode.text; fileEncoding = 4; name = CMakeLists.txt; path = CMakeLists.txt; sourceTree = SOURCE_ROOT; };
/* End PBXFileReference section */

/* Begin PBXFrameworksBuildPhase section */
		2A24C7C23F754C03A0F4EB4A /* Frameworks */ = {
			isa = PBXFrameworksBuildPhase;
			buildActionMask = 2147483647;
			files = (
			);
			runOnlyForDeploymentPostprocessing = 0;
		};
/* End PBXFrameworksBuildPhase section */

/* Begin PBXGroup section */
		2B8065A17E054894A9FF48F8 /* Source Files */ = {
			isa = PBXGroup;
			children = (
				3FA61B7503CC4BE5BB3E4A84 /* /Users/shreyashonnalli/Desktop/Group Project/GroupRepo/cpp codebase/OrderBookWidget/OrderBookWidget.cpp */,
				48CFFECD4D194BB1A01115EF /* /Users/shreyashonnalli/Desktop/Group Project/GroupRepo/cpp codebase/buildXcode/OrderBookWidget/OrderBookWidget_autogen/mocs_compilation.cpp */,
			);
			name = "Source Files";
			sourceTree = "<group>";
		};
		2FD1014411834EA99D66BF00 /* Products */ = {
			isa = PBXGroup;
			children = (
				28AC616D06224A36A6D13ABF /* OrderBookWidget */,
			);
			name = Products;
			sourceTree = "<group>";
		};
		3470301F84E6459FBCCD4E4B /* OrderBookWidget_autogen */ = {
			isa = PBXGroup;
			children = (
				F5C63248CB80461E870646DE /* CMake Rules */,
				58E051A1575F40159AB5735C /* /Users/shreyashonnalli/Desktop/Group Project/GroupRepo/cpp codebase/OrderBookWidget/CMakeLists.txt */,
			);
			name = OrderBookWidget_autogen;
			sourceTree = "<group>";
		};
		A9E60CE2C63E4E3EB4759177 /* CMake Rules */ = {
			isa = PBXGroup;
			children = (
			);
			name = "CMake Rules";
			sourceTree = "<group>";
		};
		B0065C907F5440448041E8E0 /* OrderBookWidget */ = {
			isa = PBXGroup;
			children = (
				2B8065A17E054894A9FF48F8 /* Source Files */,
				FB17231DFA5A4515BBB52102 /* Header Files */,
				BECD1BC7614844CD8289A022 /* /Users/shreyashonnalli/Desktop/Group Project/GroupRepo/cpp codebase/OrderBookWidget/CMakeLists.txt */,
			);
			name = OrderBookWidget;
			sourceTree = "<group>";
		};
		E8F0966AF2864C409E8D5F47 /* Frameworks */ = {
			isa = PBXGroup;
			children = (
			);
			name = Frameworks;
			sourceTree = "<group>";
		};
		E9BE7018E52C47D4B8D1E353 = {
			isa = PBXGroup;
			children = (
				B0065C907F5440448041E8E0 /* OrderBookWidget */,
				3470301F84E6459FBCCD4E4B /* OrderBookWidget_autogen */,
				F67D7EE7EB534ADD83F20657 /* ALL_BUILD */,
				2FD1014411834EA99D66BF00 /* Products */,
				E8F0966AF2864C409E8D5F47 /* Frameworks */,
			);
			sourceTree = "<group>";
		};
		F5C63248CB80461E870646DE /* CMake Rules */ = {
			isa = PBXGroup;
			children = (
			);
			name = "CMake Rules";
			sourceTree = "<group>";
		};
		F67D7EE7EB534ADD83F20657 /* ALL_BUILD */ = {
			isa = PBXGroup;
			children = (
				A9E60CE2C63E4E3EB4759177 /* CMake Rules */,
				0F7790CF564845BE961801A3 /* /Users/shreyashonnalli/Desktop/Group Project/GroupRepo/cpp codebase/OrderBookWidget/CMakeLists.txt */,
			);
			name = ALL_BUILD;
			sourceTree = "<group>";
		};
		FB17231DFA5A4515BBB52102 /* Header Files */ = {
			isa = PBXGroup;
			children = (
				5939FD2941B7499EAADAB16F /* /Users/shreyashonnalli/Desktop/Group Project/GroupRepo/cpp codebase/OrderBookWidget/OrderBookWidget.hpp */,
			);
			name = "Header Files";
			sourceTree = "<group>";
		};
/* End PBXGroup section */

/* Begin PBXNativeTarget section */
		6E6EFA17C0EA4808A92B8CD9 /* OrderBookWidget */ = {
			isa = PBXNativeTarget;
			buildConfigurationList = AA61B87A4F224AD092F8C147 /* Build configuration list for PBXNativeTarget "OrderBookWidget" */;
			buildPhases = (
				4D929735E2DA4D12A00D236C /* Sources */,
				2A24C7C23F754C03A0F4EB4A /* Frameworks */,
			);
			buildRules = (
			);
			dependencies = (
				60160479C1604B4E84D8ADBC /* PBXTargetDependency */,
				2BC5A1AC49DD483591D5D999 /* PBXTargetDependency */,
			);
			name = OrderBookWidget;
			productName = OrderBookWidget;
			productReference = 28AC616D06224A36A6D13ABF /* OrderBookWidget */;
			productType = "com.apple.product-type.library.static";
		};
/* End PBXNativeTarget section */

/* Begin PBXProject section */
		7EB469D99B624416AA1EEFE9 /* Project object */ = {
			isa = PBXProject;
			attributes = {
				BuildIndependentTargetsInParallel = YES;
				LastUpgradeCheck = 1520;
			};
			buildConfigurationList = 0DF789F4DD98427E9A599135 /* Build configuration list for PBXProject "OrderBookWidget" */;
			buildSettings = {
			};
			buildStyles = (
				540C6F02D609446BB7B8758F /* Debug */,
				99C1B457809D4F80A3A5BD8C /* Release */,
				1ABAC777BF684DAA96F92F50 /* MinSizeRel */,
				23361413B4A94085B6F5EE71 /* RelWithDebInfo */,
			);
			compatibilityVersion = "Xcode 3.2";
			hasScannedForEncodings = 0;
			mainGroup = E9BE7018E52C47D4B8D1E353;
			projectDirPath = "/Users/shreyashonnalli/Desktop/Group Project/GroupRepo/cpp codebase/OrderBookWidget";
			projectRoot = "";
			targets = (
				A4388912DF704ADE8E661A44 /* ALL_BUILD */,
				6E6EFA17C0EA4808A92B8CD9 /* OrderBookWidget */,
				71FB5D18BAF4481594930052 /* OrderBookWidget_autogen */,
				1C7F3812CE9A42DA8072B1D0 /* ZERO_CHECK */,
				D7FA498E92F448BA9C24DDDF /* install */,
			);
		};
/* End PBXProject section */

/* Begin PBXShellScriptBuildPhase section */
		09A765E903C6DB0AA6BFC56E /* Generate CMakeFiles/ALL_BUILD */ = {
			isa = PBXShellScriptBuildPhase;
			alwaysOutOfDate = 1;
			buildActionMask = 2147483647;
			files = (
			);
			inputPaths = (
			);
			name = "Generate CMakeFiles/ALL_BUILD";
			outputPaths = (
"/Users/shreyashonnalli/Desktop/Group Project/GroupRepo/cpp codebase/buildXcode/OrderBookWidget/CMakeFiles/ALL_BUILD"			);
			runOnlyForDeploymentPostprocessing = 0;
			shellPath = /bin/sh;
			shellScript = "set -e
if test \"$CONFIGURATION\" = \"Debug\"; then :
  cd \"/Users/shreyashonnalli/Desktop/Group Project/GroupRepo/cpp codebase/buildXcode/OrderBookWidget\"
  echo Build\\ all\\ projects
fi
if test \"$CONFIGURATION\" = \"Release\"; then :
  cd \"/Users/shreyashonnalli/Desktop/Group Project/GroupRepo/cpp codebase/buildXcode/OrderBookWidget\"
  echo Build\\ all\\ projects
fi
if test \"$CONFIGURATION\" = \"MinSizeRel\"; then :
  cd \"/Users/shreyashonnalli/Desktop/Group Project/GroupRepo/cpp codebase/buildXcode/OrderBookWidget\"
  echo Build\\ all\\ projects
fi
if test \"$CONFIGURATION\" = \"RelWithDebInfo\"; then :
  cd \"/Users/shreyashonnalli/Desktop/Group Project/GroupRepo/cpp codebase/buildXcode/OrderBookWidget\"
  echo Build\\ all\\ projects
fi
";
			showEnvVarsInLog = 0;
		};
		27DC9BD001FE4A5D9617EE8A /* Generate CMakeFiles/ZERO_CHECK */ = {
			isa = PBXShellScriptBuildPhase;
			alwaysOutOfDate = 1;
			buildActionMask = 2147483647;
			files = (
			);
			inputPaths = (
			);
			name = "Generate CMakeFiles/ZERO_CHECK";
			outputPaths = (
"/Users/shreyashonnalli/Desktop/Group Project/GroupRepo/cpp codebase/buildXcode/OrderBookWidget/CMakeFiles/ZERO_CHECK"			);
			runOnlyForDeploymentPostprocessing = 0;
			shellPath = /bin/sh;
			shellScript = "set -e
if test \"$CONFIGURATION\" = \"Debug\"; then :
  cd \"/Users/shreyashonnalli/Desktop/Group Project/GroupRepo/cpp codebase/buildXcode/OrderBookWidget\"
  make -f /Users/shreyashonnalli/Desktop/Group\\ Project/GroupRepo/cpp\\ codebase/buildXcode/OrderBookWidget/CMakeScripts/ReRunCMake.make
fi
if test \"$CONFIGURATION\" = \"Release\"; then :
  cd \"/Users/shreyashonnalli/Desktop/Group Project/GroupRepo/cpp codebase/buildXcode/OrderBookWidget\"
  make -f /Users/shreyashonnalli/Desktop/Group\\ Project/GroupRepo/cpp\\ codebase/buildXcode/OrderBookWidget/CMakeScripts/ReRunCMake.make
fi
if test \"$CONFIGURATION\" = \"MinSizeRel\"; then :
  cd \"/Users/shreyashonnalli/Desktop/Group Project/GroupRepo/cpp codebase/buildXcode/OrderBookWidget\"
  make -f /Users/shreyashonnalli/Desktop/Group\\ Project/GroupRepo/cpp\\ codebase/buildXcode/OrderBookWidget/CMakeScripts/ReRunCMake.make
fi
if test \"$CONFIGURATION\" = \"RelWithDebInfo\"; then :
  cd \"/Users/shreyashonnalli/Desktop/Group Project/GroupRepo/cpp codebase/buildXcode/OrderBookWidget\"
  make -f /Users/shreyashonnalli/Desktop/Group\\ Project/GroupRepo/cpp\\ codebase/buildXcode/OrderBookWidget/CMakeScripts/ReRunCMake.make
fi
";
			showEnvVarsInLog = 0;
		};
		3A888B40CF996755B339A34F /* Generate CMakeFiles/OrderBookWidget_autogen */ = {
			isa = PBXShellScriptBuildPhase;
			alwaysOutOfDate = 1;
			buildActionMask = 2147483647;
			files = (
			);
			inputPaths = (
			);
			name = "Generate CMakeFiles/OrderBookWidget_autogen";
			outputPaths = (
"/Users/shreyashonnalli/Desktop/Group Project/GroupRepo/cpp codebase/buildXcode/OrderBookWidget/CMakeFiles/OrderBookWidget_autogen","/Users/shreyashonnalli/Desktop/Group Project/GroupRepo/cpp codebase/buildXcode/OrderBookWidget/OrderBookWidget_autogen/mocs_compilation.cpp"			);
			runOnlyForDeploymentPostprocessing = 0;
			shellPath = /bin/sh;
			shellScript = "set -e
if test \"$CONFIGURATION\" = \"Debug\"; then :
  cd \"/Users/shreyashonnalli/Desktop/Group Project/GroupRepo/cpp codebase/buildXcode/OrderBookWidget\"
  /opt/homebrew/Cellar/cmake/3.26.0/bin/cmake -E cmake_autogen \"/Users/shreyashonnalli/Desktop/Group Project/GroupRepo/cpp codebase/buildXcode/OrderBookWidget/CMakeFiles/OrderBookWidget_autogen.dir/AutogenInfo.json\" Debug
fi
if test \"$CONFIGURATION\" = \"Release\"; then :
  cd \"/Users/shreyashonnalli/Desktop/Group Project/GroupRepo/cpp codebase/buildXcode/OrderBookWidget\"
  /opt/homebrew/Cellar/cmake/3.26.0/bin/cmake -E cmake_autogen \"/Users/shreyashonnalli/Desktop/Group Project/GroupRepo/cpp codebase/buildXcode/OrderBookWidget/CMakeFiles/OrderBookWidget_autogen.dir/AutogenInfo.json\" Release
fi
if test \"$CONFIGURATION\" = \"MinSizeRel\"; then :
  cd \"/Users/shreyashonnalli/Desktop/Group Project/GroupRepo/cpp codebase/buildXcode/OrderBookWidget\"
  /opt/homebrew/Cellar/cmake/3.26.0/bin/cmake -E cmake_autogen \"/Users/shreyashonnalli/Desktop/Group Project/GroupRepo/cpp codebase/buildXcode/OrderBookWidget/CMakeFiles/OrderBookWidget_autogen.dir/AutogenInfo.json\" MinSizeRel
fi
if test \"$CONFIGURATION\" = \"RelWithDebInfo\"; then :
  cd \"/Users/shreyashonnalli/Desktop/Group Project/GroupRepo/cpp codebase/buildXcode/OrderBookWidget\"
  /opt/homebrew/Cellar/cmake/3.26.0/bin/cmake -E cmake_autogen \"/Users/shreyashonnalli/Desktop/Group Project/GroupRepo/cpp codebase/buildXcode/OrderBookWidget/CMakeFiles/OrderBookWidget_autogen.dir/AutogenInfo.json\" RelWithDebInfo
fi
";
			showEnvVarsInLog = 0;
		};
		3C0110FC8322DE7E50886E21 = {
			isa = PBXShellScriptBuildPhase;
			buildActionMask = 2147483647;
			files = (
			);
			inputPaths = (
			);
			outputPaths = (
			);
			runOnlyForDeploymentPostprocessing = 0;
			shellPath = /bin/sh;
			shellScript = "# shell script goes here
exit 0";
			showEnvVarsInLog = 0;
		};
		62499EBB6C677E0D83FB4B95 = {
			isa = PBXShellScriptBuildPhase;
			buildActionMask = 2147483647;
			files = (
			);
			inputPaths = (
			);
			outputPaths = (
			);
			runOnlyForDeploymentPostprocessing = 0;
			shellPath = /bin/sh;
			shellScript = "# shell script goes here
exit 0";
			showEnvVarsInLog = 0;
		};
		87AF4882E018677E2624B544 = {
			isa = PBXShellScriptBuildPhase;
			buildActionMask = 2147483647;
			files = (
			);
			inputPaths = (
			);
			outputPaths = (
			);
			runOnlyForDeploymentPostprocessing = 0;
			shellPath = /bin/sh;
			shellScript = "# shell script goes here
exit 0";
			showEnvVarsInLog = 0;
		};
		93426DA6A4AC2C2AC9CE883C /* CMake PostBuild Rules */ = {
			isa = PBXShellScriptBuildPhase;
			alwaysOutOfDate = 1;
			buildActionMask = 2147483647;
			files = (
			);
			name = "CMake PostBuild Rules";
			outputPaths = (
			);
			runOnlyForDeploymentPostprocessing = 0;
			shellPath = /bin/sh;
			shellScript = "set -e
if test \"$CONFIGURATION\" = \"Debug\"; then :
  cd \"/Users/shreyashonnalli/Desktop/Group Project/GroupRepo/cpp codebase/buildXcode/OrderBookWidget\"
  /opt/homebrew/Cellar/cmake/3.26.0/bin/cmake -DBUILD_TYPE=$CONFIGURATION$EFFECTIVE_PLATFORM_NAME -P cmake_install.cmake
fi
if test \"$CONFIGURATION\" = \"Release\"; then :
  cd \"/Users/shreyashonnalli/Desktop/Group Project/GroupRepo/cpp codebase/buildXcode/OrderBookWidget\"
  /opt/homebrew/Cellar/cmake/3.26.0/bin/cmake -DBUILD_TYPE=$CONFIGURATION$EFFECTIVE_PLATFORM_NAME -P cmake_install.cmake
fi
if test \"$CONFIGURATION\" = \"MinSizeRel\"; then :
  cd \"/Users/shreyashonnalli/Desktop/Group Project/GroupRepo/cpp codebase/buildXcode/OrderBookWidget\"
  /opt/homebrew/Cellar/cmake/3.26.0/bin/cmake -DBUILD_TYPE=$CONFIGURATION$EFFECTIVE_PLATFORM_NAME -P cmake_install.cmake
fi
if test \"$CONFIGURATION\" = \"RelWithDebInfo\"; then :
  cd \"/Users/shreyashonnalli/Desktop/Group Project/GroupRepo/cpp codebase/buildXcode/OrderBookWidget\"
  /opt/homebrew/Cellar/cmake/3.26.0/bin/cmake -DBUILD_TYPE=$CONFIGURATION$EFFECTIVE_PLATFORM_NAME -P cmake_install.cmake
fi
";
			showEnvVarsInLog = 0;
		};
		9B50530E35CC49C82C2FACCF = {
			isa = PBXShellScriptBuildPhase;
			buildActionMask = 2147483647;
			files = (
			);
			inputPaths = (
			);
			outputPaths = (
			);
			runOnlyForDeploymentPostprocessing = 0;
			shellPath = /bin/sh;
			shellScript = "# shell script goes here
exit 0";
			showEnvVarsInLog = 0;
		};
/* End PBXShellScriptBuildPhase section */

/* Begin PBXSourcesBuildPhase section */
		4D929735E2DA4D12A00D236C /* Sources */ = {
			isa = PBXSourcesBuildPhase;
			buildActionMask = 2147483647;
			files = (
				9CEE6E92E29F439E95D3F9F2 /* /Users/shreyashonnalli/Desktop/Group Project/GroupRepo/cpp codebase/OrderBookWidget/OrderBookWidget.cpp */,
				3DFEEC6FDB88406392CB1A45 /* /Users/shreyashonnalli/Desktop/Group Project/GroupRepo/cpp codebase/buildXcode/OrderBookWidget/OrderBookWidget_autogen/mocs_compilation.cpp */,
			);
			runOnlyForDeploymentPostprocessing = 0;
		};
/* End PBXSourcesBuildPhase section */

/* Begin PBXTargetDependency section */
		00AD660BFF6747B8B8B702E0 /* PBXTargetDependency */ = {
			isa = PBXTargetDependency;
			target = 1C7F3812CE9A42DA8072B1D0 /* ZERO_CHECK */;
			targetProxy = 83E1DCA2B5FC43CAA26AAA09 /* PBXContainerItemProxy */;
		};
		2BC5A1AC49DD483591D5D999 /* PBXTargetDependency */ = {
			isa = PBXTargetDependency;
			target = 71FB5D18BAF4481594930052 /* OrderBookWidget_autogen */;
			targetProxy = 28341F6C170147BDBE4A4FD0 /* PBXContainerItemProxy */;
		};
		4FE01C7C836649A796E90A59 /* PBXTargetDependency */ = {
			isa = PBXTargetDependency;
			target = 1C7F3812CE9A42DA8072B1D0 /* ZERO_CHECK */;
			targetProxy = 6D377C87A62E43828FD8ED16 /* PBXContainerItemProxy */;
		};
		60160479C1604B4E84D8ADBC /* PBXTargetDependency */ = {
			isa = PBXTargetDependency;
			target = 1C7F3812CE9A42DA8072B1D0 /* ZERO_CHECK */;
			targetProxy = D66FC70AD7F149E9BCCC0003 /* PBXContainerItemProxy */;
		};
		9508761F6FCC41178A6E6F08 /* PBXTargetDependency */ = {
			isa = PBXTargetDependency;
			target = 6E6EFA17C0EA4808A92B8CD9 /* OrderBookWidget */;
			targetProxy = 40ED0B939AD34227AC76A565 /* PBXContainerItemProxy */;
		};
		A35A4E9247874C9E9CFDE016 /* PBXTargetDependency */ = {
			isa = PBXTargetDependency;
			target = A4388912DF704ADE8E661A44 /* ALL_BUILD */;
			targetProxy = 29F0102345164A028F1C3925 /* PBXContainerItemProxy */;
		};
/* End PBXTargetDependency section */

/* Begin XCBuildConfiguration section */
		0BD2B3228D474D6B922B81DE /* RelWithDebInfo */ = {
			isa = XCBuildConfiguration;
			buildSettings = {
				ALWAYS_SEARCH_USER_PATHS = NO;
				ARCHS = arm64;
				COMBINE_HIDPI_IMAGES = YES;
				CONFIGURATION_BUILD_DIR = "/Users/shreyashonnalli/Desktop/Group Project/GroupRepo/cpp codebase/buildXcode/OrderBookWidget/RelWithDebInfo";
				EXECUTABLE_PREFIX = lib;
				EXECUTABLE_SUFFIX = .a;
				GCC_GENERATE_DEBUGGING_SYMBOLS = YES;
				GCC_INLINES_ARE_PRIVATE_EXTERN = NO;
				GCC_OPTIMIZATION_LEVEL = 2;
				GCC_PREPROCESSOR_DEFINITIONS = ("'CMAKE_INTDIR=\"$(CONFIGURATION)$(EFFECTIVE_PLATFORM_NAME)\"'",QT_WIDGETS_LIB,QT_GUI_LIB,QT_CORE_LIB,QT_NO_DEBUG,"$(inherited)");
				GCC_SYMBOLS_PRIVATE_EXTERN = NO;
				HEADER_SEARCH_PATHS = ("\"/Users/shreyashonnalli/Desktop/Group Project/GroupRepo/cpp codebase/buildXcode/OrderBookWidget\"","\"/Users/shreyashonnalli/Desktop/Group Project/GroupRepo/cpp codebase/OrderBookWidget\"","\"/Users/shreyashonnalli/Desktop/Group Project/GroupRepo/cpp codebase/buildXcode/OrderBookWidget/OrderBookWidget_autogen/include_RelWithDebInfo\"","\"/Users/shreyashonnalli/Desktop/Group Project/GroupRepo/cpp codebase/OrderBook\"","\"/Users/shreyashonnalli/Desktop/Group Project/GroupRepo/cpp codebase/DBHandler\"","$(inherited)");
				INSTALL_PATH = "";
				LIBRARY_STYLE = STATIC;
				ONLY_ACTIVE_ARCH = NO;
				OTHER_CPLUSPLUSFLAGS = "       -DNDEBUG '-std=gnu++17' -fPIC   -std=c++14";
				OTHER_LIBTOOLFLAGS = ("");
				OTHER_REZFLAGS = "";
				PRODUCT_NAME = OrderBookWidget;
				SECTORDER_FLAGS = "";
				SYSTEM_HEADER_SEARCH_PATHS = (/Users/shreyashonnalli/miniconda3/include/qt,/Users/shreyashonnalli/miniconda3/include/qt/QtWidgets,/Users/shreyashonnalli/miniconda3/include/qt/QtGui,/Applications/Xcode.app/Contents/Developer/Platforms/MacOSX.platform/Developer/SDKs/MacOSX14.2.sdk/System/Library/Frameworks/OpenGL.framework/Headers,/Users/shreyashonnalli/miniconda3/include/qt/QtCore,"/Users/shreyashonnalli/miniconda3/./mkspecs/macx-clang","$(inherited)");
				TARGET_TEMP_DIR = "/Users/shreyashonnalli/Desktop/Group Project/GroupRepo/cpp codebase/buildXcode/build/OrderBookWidget.build/$(CONFIGURATION)$(EFFECTIVE_PLATFORM_NAME)";
				USE_HEADERMAP = NO;
				WARNING_CFLAGS = ("$(inherited)");
			};
			name = RelWithDebInfo;
		};
		25A960CDCF494EFBBEE5E745 /* Release */ = {
			isa = XCBuildConfiguration;
			buildSettings = {
				ALWAYS_SEARCH_USER_PATHS = NO;
				ARCHS = arm64;
				COMBINE_HIDPI_IMAGES = YES;
				CONFIGURATION_BUILD_DIR = "/Users/shreyashonnalli/Desktop/Group Project/GroupRepo/cpp codebase/buildXcode/OrderBookWidget/Release";
				EXECUTABLE_PREFIX = lib;
				EXECUTABLE_SUFFIX = .a;
				GCC_GENERATE_DEBUGGING_SYMBOLS = NO;
				GCC_INLINES_ARE_PRIVATE_EXTERN = NO;
				GCC_OPTIMIZATION_LEVEL = 3;
				GCC_PREPROCESSOR_DEFINITIONS = ("'CMAKE_INTDIR=\"$(CONFIGURATION)$(EFFECTIVE_PLATFORM_NAME)\"'",QT_WIDGETS_LIB,QT_GUI_LIB,QT_CORE_LIB,QT_NO_DEBUG,"$(inherited)");
				GCC_SYMBOLS_PRIVATE_EXTERN = NO;
				HEADER_SEARCH_PATHS = ("\"/Users/shreyashonnalli/Desktop/Group Project/GroupRepo/cpp codebase/buildXcode/OrderBookWidget\"","\"/Users/shreyashonnalli/Desktop/Group Project/GroupRepo/cpp codebase/OrderBookWidget\"","\"/Users/shreyashonnalli/Desktop/Group Project/GroupRepo/cpp codebase/buildXcode/OrderBookWidget/OrderBookWidget_autogen/include_Release\"","\"/Users/shreyashonnalli/Desktop/Group Project/GroupRepo/cpp codebase/OrderBook\"","\"/Users/shreyashonnalli/Desktop/Group Project/GroupRepo/cpp codebase/DBHandler\"","$(inherited)");
				INSTALL_PATH = "";
				LIBRARY_STYLE = STATIC;
				ONLY_ACTIVE_ARCH = NO;
				OTHER_CPLUSPLUSFLAGS = "    -DNDEBUG '-std=gnu++17' -fPIC   -std=c++14";
				OTHER_LIBTOOLFLAGS = ("");
				OTHER_REZFLAGS = "";
				PRODUCT_NAME = OrderBookWidget;
				SECTORDER_FLAGS = "";
				SYSTEM_HEADER_SEARCH_PATHS = (/Users/shreyashonnalli/miniconda3/include/qt,/Users/shreyashonnalli/miniconda3/include/qt/QtWidgets,/Users/shreyashonnalli/miniconda3/include/qt/QtGui,/Applications/Xcode.app/Contents/Developer/Platforms/MacOSX.platform/Developer/SDKs/MacOSX14.2.sdk/System/Library/Frameworks/OpenGL.framework/Headers,/Users/shreyashonnalli/miniconda3/include/qt/QtCore,"/Users/shreyashonnalli/miniconda3/./mkspecs/macx-clang","$(inherited)");
				TARGET_TEMP_DIR = "/Users/shreyashonnalli/Desktop/Group Project/GroupRepo/cpp codebase/buildXcode/build/OrderBookWidget.build/$(CONFIGURATION)$(EFFECTIVE_PLATFORM_NAME)";
				USE_HEADERMAP = NO;
				WARNING_CFLAGS = ("$(inherited)");
			};
			name = Release;
		};
		29E0F5C1828349269BC0835F /* Debug */ = {
			isa = XCBuildConfiguration;
			buildSettings = {
				ALWAYS_SEARCH_USER_PATHS = NO;
				ARCHS = arm64;
				COMBINE_HIDPI_IMAGES = YES;
				GCC_GENERATE_DEBUGGING_SYMBOLS = YES;
				GCC_INLINES_ARE_PRIVATE_EXTERN = NO;
				GCC_OPTIMIZATION_LEVEL = 0;
				GCC_PREPROCESSOR_DEFINITIONS = ("'CMAKE_INTDIR=\"$(CONFIGURATION)$(EFFECTIVE_PLATFORM_NAME)\"'","$(inherited)");
				GCC_SYMBOLS_PRIVATE_EXTERN = NO;
				INSTALL_PATH = "";
				ONLY_ACTIVE_ARCH = NO;
				OTHER_LDFLAGS = ("","$(inherited)");
				OTHER_REZFLAGS = "";
				PRODUCT_NAME = install;
				SECTORDER_FLAGS = "";
				USE_HEADERMAP = NO;
				WARNING_CFLAGS = ("$(inherited)");
			};
			name = Debug;
		};
		34619923F0F54039BDB0F42D /* MinSizeRel */ = {
			isa = XCBuildConfiguration;
			buildSettings = {
				ALWAYS_SEARCH_USER_PATHS = NO;
				ARCHS = arm64;
				COMBINE_HIDPI_IMAGES = YES;
				CONFIGURATION_BUILD_DIR = "/Users/shreyashonnalli/Desktop/Group Project/GroupRepo/cpp codebase/buildXcode/OrderBookWidget/MinSizeRel";
				EXECUTABLE_PREFIX = lib;
				EXECUTABLE_SUFFIX = .a;
				GCC_GENERATE_DEBUGGING_SYMBOLS = NO;
				GCC_INLINES_ARE_PRIVATE_EXTERN = NO;
				GCC_OPTIMIZATION_LEVEL = s;
				GCC_PREPROCESSOR_DEFINITIONS = ("'CMAKE_INTDIR=\"$(CONFIGURATION)$(EFFECTIVE_PLATFORM_NAME)\"'",QT_WIDGETS_LIB,QT_GUI_LIB,QT_CORE_LIB,QT_NO_DEBUG,"$(inherited)");
				GCC_SYMBOLS_PRIVATE_EXTERN = NO;
				HEADER_SEARCH_PATHS = ("\"/Users/shreyashonnalli/Desktop/Group Project/GroupRepo/cpp codebase/buildXcode/OrderBookWidget\"","\"/Users/shreyashonnalli/Desktop/Group Project/GroupRepo/cpp codebase/OrderBookWidget\"","\"/Users/shreyashonnalli/Desktop/Group Project/GroupRepo/cpp codebase/buildXcode/OrderBookWidget/OrderBookWidget_autogen/include_MinSizeRel\"","\"/Users/shreyashonnalli/Desktop/Group Project/GroupRepo/cpp codebase/OrderBook\"","\"/Users/shreyashonnalli/Desktop/Group Project/GroupRepo/cpp codebase/DBHandler\"","$(inherited)");
				INSTALL_PATH = "";
				LIBRARY_STYLE = STATIC;
				ONLY_ACTIVE_ARCH = NO;
				OTHER_CPLUSPLUSFLAGS = "    -DNDEBUG '-std=gnu++17' -fPIC   -std=c++14";
				OTHER_LIBTOOLFLAGS = ("");
				OTHER_REZFLAGS = "";
				PRODUCT_NAME = OrderBookWidget;
				SECTORDER_FLAGS = "";
				SYSTEM_HEADER_SEARCH_PATHS = (/Users/shreyashonnalli/miniconda3/include/qt,/Users/shreyashonnalli/miniconda3/include/qt/QtWidgets,/Users/shreyashonnalli/miniconda3/include/qt/QtGui,/Applications/Xcode.app/Contents/Developer/Platforms/MacOSX.platform/Developer/SDKs/MacOSX14.2.sdk/System/Library/Frameworks/OpenGL.framework/Headers,/Users/shreyashonnalli/miniconda3/include/qt/QtCore,"/Users/shreyashonnalli/miniconda3/./mkspecs/macx-clang","$(inherited)");
				TARGET_TEMP_DIR = "/Users/shreyashonnalli/Desktop/Group Project/GroupRepo/cpp codebase/buildXcode/build/OrderBookWidget.build/$(CONFIGURATION)$(EFFECTIVE_PLATFORM_NAME)";
				USE_HEADERMAP = NO;
				WARNING_CFLAGS = ("$(inherited)");
			};
			name = MinSizeRel;
		};
		3D248C21ED3C48C78544EBAC /* RelWithDebInfo */ = {
			isa = XCBuildConfiguration;
			buildSettings = {
				ALWAYS_SEARCH_USER_PATHS = NO;
				ARCHS = arm64;
				COMBINE_HIDPI_IMAGES = YES;
				GCC_GENERATE_DEBUGGING_SYMBOLS = YES;
				GCC_INLINES_ARE_PRIVATE_EXTERN = NO;
				GCC_OPTIMIZATION_LEVEL = 0;
				GCC_PREPROCESSOR_DEFINITIONS = ("'CMAKE_INTDIR=\"$(CONFIGURATION)$(EFFECTIVE_PLATFORM_NAME)\"'","$(inherited)");
				GCC_SYMBOLS_PRIVATE_EXTERN = NO;
				INSTALL_PATH = "";
				ONLY_ACTIVE_ARCH = NO;
				OTHER_LDFLAGS = ("","$(inherited)");
				OTHER_REZFLAGS = "";
				PRODUCT_NAME = OrderBookWidget_autogen;
				SECTORDER_FLAGS = "";
				USE_HEADERMAP = NO;
				WARNING_CFLAGS = ("$(inherited)");
			};
			name = RelWithDebInfo;
		};
		56B22EED15DB4F7296C0C52E /* MinSizeRel */ = {
			isa = XCBuildConfiguration;
			buildSettings = {
				ALWAYS_SEARCH_USER_PATHS = NO;
				ARCHS = arm64;
				COMBINE_HIDPI_IMAGES = YES;
				GCC_GENERATE_DEBUGGING_SYMBOLS = YES;
				GCC_INLINES_ARE_PRIVATE_EXTERN = NO;
				GCC_OPTIMIZATION_LEVEL = 0;
				GCC_PREPROCESSOR_DEFINITIONS = ("'CMAKE_INTDIR=\"$(CONFIGURATION)$(EFFECTIVE_PLATFORM_NAME)\"'","$(inherited)");
				GCC_SYMBOLS_PRIVATE_EXTERN = NO;
				INSTALL_PATH = "";
				ONLY_ACTIVE_ARCH = NO;
				OTHER_LDFLAGS = ("","$(inherited)");
				OTHER_REZFLAGS = "";
				PRODUCT_NAME = OrderBookWidget_autogen;
				SECTORDER_FLAGS = "";
				USE_HEADERMAP = NO;
				WARNING_CFLAGS = ("$(inherited)");
			};
			name = MinSizeRel;
		};
		586E969140B143B4B2665CAF /* MinSizeRel */ = {
			isa = XCBuildConfiguration;
			buildSettings = {
				ARCHS = arm64;
				SDKROOT = /Applications/Xcode.app/Contents/Developer/Platforms/MacOSX.platform/Developer/SDKs/MacOSX14.2.sdk;
				SWIFT_COMPILATION_MODE = wholemodule;
				SYMROOT = "/Users/shreyashonnalli/Desktop/Group Project/GroupRepo/cpp codebase/buildXcode/build";
			};
			name = MinSizeRel;
		};
		58B0679E9A36462CB6AFEEFC /* Release */ = {
			isa = XCBuildConfiguration;
			buildSettings = {
				ALWAYS_SEARCH_USER_PATHS = NO;
				ARCHS = arm64;
				COMBINE_HIDPI_IMAGES = YES;
				GCC_GENERATE_DEBUGGING_SYMBOLS = YES;
				GCC_INLINES_ARE_PRIVATE_EXTERN = NO;
				GCC_OPTIMIZATION_LEVEL = 0;
				GCC_PREPROCESSOR_DEFINITIONS = ("'CMAKE_INTDIR=\"$(CONFIGURATION)$(EFFECTIVE_PLATFORM_NAME)\"'","$(inherited)");
				GCC_SYMBOLS_PRIVATE_EXTERN = NO;
				INSTALL_PATH = "";
				ONLY_ACTIVE_ARCH = NO;
				OTHER_LDFLAGS = ("","$(inherited)");
				OTHER_REZFLAGS = "";
				PRODUCT_NAME = ALL_BUILD;
				SECTORDER_FLAGS = "";
				USE_HEADERMAP = NO;
				WARNING_CFLAGS = ("$(inherited)");
			};
			name = Release;
		};
		5AE8D2EB5CB34032984FA7B0 /* RelWithDebInfo */ = {
			isa = XCBuildConfiguration;
			buildSettings = {
				ARCHS = arm64;
				SDKROOT = /Applications/Xcode.app/Contents/Developer/Platforms/MacOSX.platform/Developer/SDKs/MacOSX14.2.sdk;
				SWIFT_COMPILATION_MODE = wholemodule;
				SYMROOT = "/Users/shreyashonnalli/Desktop/Group Project/GroupRepo/cpp codebase/buildXcode/build";
			};
			name = RelWithDebInfo;
		};
		66B902451FF0415CB9869BA0 /* Debug */ = {
			isa = XCBuildConfiguration;
			buildSettings = {
				ARCHS = arm64;
				SDKROOT = /Applications/Xcode.app/Contents/Developer/Platforms/MacOSX.platform/Developer/SDKs/MacOSX14.2.sdk;
				SYMROOT = "/Users/shreyashonnalli/Desktop/Group Project/GroupRepo/cpp codebase/buildXcode/build";
			};
			name = Debug;
		};
		7488F899EBA9480D8C7FFBB5 /* Debug */ = {
			isa = XCBuildConfiguration;
			buildSettings = {
				ALWAYS_SEARCH_USER_PATHS = NO;
				ARCHS = arm64;
				COMBINE_HIDPI_IMAGES = YES;
				GCC_GENERATE_DEBUGGING_SYMBOLS = YES;
				GCC_INLINES_ARE_PRIVATE_EXTERN = NO;
				GCC_OPTIMIZATION_LEVEL = 0;
				GCC_PREPROCESSOR_DEFINITIONS = ("'CMAKE_INTDIR=\"$(CONFIGURATION)$(EFFECTIVE_PLATFORM_NAME)\"'","$(inherited)");
				GCC_SYMBOLS_PRIVATE_EXTERN = NO;
				INSTALL_PATH = "";
				ONLY_ACTIVE_ARCH = NO;
				OTHER_LDFLAGS = ("","$(inherited)");
				OTHER_REZFLAGS = "";
				PRODUCT_NAME = ALL_BUILD;
				SECTORDER_FLAGS = "";
				USE_HEADERMAP = NO;
				WARNING_CFLAGS = ("$(inherited)");
			};
			name = Debug;
		};
		76403D5D4B7A4A93B55A429A /* RelWithDebInfo */ = {
			isa = XCBuildConfiguration;
			buildSettings = {
				ALWAYS_SEARCH_USER_PATHS = NO;
				ARCHS = arm64;
				COMBINE_HIDPI_IMAGES = YES;
				GCC_GENERATE_DEBUGGING_SYMBOLS = YES;
				GCC_INLINES_ARE_PRIVATE_EXTERN = NO;
				GCC_OPTIMIZATION_LEVEL = 0;
				GCC_PREPROCESSOR_DEFINITIONS = ("'CMAKE_INTDIR=\"$(CONFIGURATION)$(EFFECTIVE_PLATFORM_NAME)\"'","$(inherited)");
				GCC_SYMBOLS_PRIVATE_EXTERN = NO;
				INSTALL_PATH = "";
				ONLY_ACTIVE_ARCH = NO;
				OTHER_LDFLAGS = ("","$(inherited)");
				OTHER_REZFLAGS = "";
				PRODUCT_NAME = ZERO_CHECK;
				SECTORDER_FLAGS = "";
				USE_HEADERMAP = NO;
				WARNING_CFLAGS = ("$(inherited)");
			};
			name = RelWithDebInfo;
		};
		779EFD8B7AD6458BA40A8628 /* Release */ = {
			isa = XCBuildConfiguration;
			buildSettings = {
				ARCHS = arm64;
				SDKROOT = /Applications/Xcode.app/Contents/Developer/Platforms/MacOSX.platform/Developer/SDKs/MacOSX14.2.sdk;
				SWIFT_COMPILATION_MODE = wholemodule;
				SYMROOT = "/Users/shreyashonnalli/Desktop/Group Project/GroupRepo/cpp codebase/buildXcode/build";
			};
			name = Release;
		};
		7B709F7E9CC746CDB82EAD8D /* Debug */ = {
			isa = XCBuildConfiguration;
			buildSettings = {
				ALWAYS_SEARCH_USER_PATHS = NO;
				ARCHS = arm64;
				COMBINE_HIDPI_IMAGES = YES;
				CONFIGURATION_BUILD_DIR = "/Users/shreyashonnalli/Desktop/Group Project/GroupRepo/cpp codebase/buildXcode/OrderBookWidget/Debug";
				EXECUTABLE_PREFIX = lib;
				EXECUTABLE_SUFFIX = .a;
				GCC_GENERATE_DEBUGGING_SYMBOLS = YES;
				GCC_INLINES_ARE_PRIVATE_EXTERN = NO;
				GCC_OPTIMIZATION_LEVEL = 0;
				GCC_PREPROCESSOR_DEFINITIONS = ("'CMAKE_INTDIR=\"$(CONFIGURATION)$(EFFECTIVE_PLATFORM_NAME)\"'",QT_WIDGETS_LIB,QT_GUI_LIB,QT_CORE_LIB,"$(inherited)");
				GCC_SYMBOLS_PRIVATE_EXTERN = NO;
				HEADER_SEARCH_PATHS = ("\"/Users/shreyashonnalli/Desktop/Group Project/GroupRepo/cpp codebase/buildXcode/OrderBookWidget\"","\"/Users/shreyashonnalli/Desktop/Group Project/GroupRepo/cpp codebase/OrderBookWidget\"","\"/Users/shreyashonnalli/Desktop/Group Project/GroupRepo/cpp codebase/buildXcode/OrderBookWidget/OrderBookWidget_autogen/include_Debug\"","\"/Users/shreyashonnalli/Desktop/Group Project/GroupRepo/cpp codebase/OrderBook\"","\"/Users/shreyashonnalli/Desktop/Group Project/GroupRepo/cpp codebase/DBHandler\"","$(inherited)");
				INSTALL_PATH = "";
				LIBRARY_STYLE = STATIC;
				ONLY_ACTIVE_ARCH = NO;
				OTHER_CPLUSPLUSFLAGS = "   '-std=gnu++17' -fPIC   -std=c++14";
				OTHER_LIBTOOLFLAGS = ("");
				OTHER_REZFLAGS = "";
				PRODUCT_NAME = OrderBookWidget;
				SECTORDER_FLAGS = "";
				SYSTEM_HEADER_SEARCH_PATHS = (/Users/shreyashonnalli/miniconda3/include/qt,/Users/shreyashonnalli/miniconda3/include/qt/QtWidgets,/Users/shreyashonnalli/miniconda3/include/qt/QtGui,/Applications/Xcode.app/Contents/Developer/Platforms/MacOSX.platform/Developer/SDKs/MacOSX14.2.sdk/System/Library/Frameworks/OpenGL.framework/Headers,/Users/shreyashonnalli/miniconda3/include/qt/QtCore,"/Users/shreyashonnalli/miniconda3/./mkspecs/macx-clang","$(inherited)");
				TARGET_TEMP_DIR = "/Users/shreyashonnalli/Desktop/Group Project/GroupRepo/cpp codebase/buildXcode/build/OrderBookWidget.build/$(CONFIGURATION)$(EFFECTIVE_PLATFORM_NAME)";
				USE_HEADERMAP = NO;
				WARNING_CFLAGS = ("$(inherited)");
			};
			name = Debug;
		};
		8286C1F12C3942CAB9EF16FA /* Release */ = {
			isa = XCBuildConfiguration;
			buildSettings = {
				ALWAYS_SEARCH_USER_PATHS = NO;
				ARCHS = arm64;
				COMBINE_HIDPI_IMAGES = YES;
				GCC_GENERATE_DEBUGGING_SYMBOLS = YES;
				GCC_INLINES_ARE_PRIVATE_EXTERN = NO;
				GCC_OPTIMIZATION_LEVEL = 0;
				GCC_PREPROCESSOR_DEFINITIONS = ("'CMAKE_INTDIR=\"$(CONFIGURATION)$(EFFECTIVE_PLATFORM_NAME)\"'","$(inherited)");
				GCC_SYMBOLS_PRIVATE_EXTERN = NO;
				INSTALL_PATH = "";
				ONLY_ACTIVE_ARCH = NO;
				OTHER_LDFLAGS = ("","$(inherited)");
				OTHER_REZFLAGS = "";
				PRODUCT_NAME = install;
				SECTORDER_FLAGS = "";
				USE_HEADERMAP = NO;
				WARNING_CFLAGS = ("$(inherited)");
			};
			name = Release;
		};
		8EDD9CD379CF4A2393ADE37E /* MinSizeRel */ = {
			isa = XCBuildConfiguration;
			buildSettings = {
				ALWAYS_SEARCH_USER_PATHS = NO;
				ARCHS = arm64;
				COMBINE_HIDPI_IMAGES = YES;
				GCC_GENERATE_DEBUGGING_SYMBOLS = YES;
				GCC_INLINES_ARE_PRIVATE_EXTERN = NO;
				GCC_OPTIMIZATION_LEVEL = 0;
				GCC_PREPROCESSOR_DEFINITIONS = ("'CMAKE_INTDIR=\"$(CONFIGURATION)$(EFFECTIVE_PLATFORM_NAME)\"'","$(inherited)");
				GCC_SYMBOLS_PRIVATE_EXTERN = NO;
				INSTALL_PATH = "";
				ONLY_ACTIVE_ARCH = NO;
				OTHER_LDFLAGS = ("","$(inherited)");
				OTHER_REZFLAGS = "";
				PRODUCT_NAME = install;
				SECTORDER_FLAGS = "";
				USE_HEADERMAP = NO;
				WARNING_CFLAGS = ("$(inherited)");
			};
			name = MinSizeRel;
		};
		9FD14BA5746648BBAAF2EE6F /* Debug */ = {
			isa = XCBuildConfiguration;
			buildSettings = {
				ALWAYS_SEARCH_USER_PATHS = NO;
				ARCHS = arm64;
				COMBINE_HIDPI_IMAGES = YES;
				GCC_GENERATE_DEBUGGING_SYMBOLS = YES;
				GCC_INLINES_ARE_PRIVATE_EXTERN = NO;
				GCC_OPTIMIZATION_LEVEL = 0;
				GCC_PREPROCESSOR_DEFINITIONS = ("'CMAKE_INTDIR=\"$(CONFIGURATION)$(EFFECTIVE_PLATFORM_NAME)\"'","$(inherited)");
				GCC_SYMBOLS_PRIVATE_EXTERN = NO;
				INSTALL_PATH = "";
				ONLY_ACTIVE_ARCH = NO;
				OTHER_LDFLAGS = ("","$(inherited)");
				OTHER_REZFLAGS = "";
				PRODUCT_NAME = ZERO_CHECK;
				SECTORDER_FLAGS = "";
				USE_HEADERMAP = NO;
				WARNING_CFLAGS = ("$(inherited)");
			};
			name = Debug;
		};
		A94FDB4D00204B07B267EE68 /* RelWithDebInfo */ = {
			isa = XCBuildConfiguration;
			buildSettings = {
				ALWAYS_SEARCH_USER_PATHS = NO;
				ARCHS = arm64;
				COMBINE_HIDPI_IMAGES = YES;
				GCC_GENERATE_DEBUGGING_SYMBOLS = YES;
				GCC_INLINES_ARE_PRIVATE_EXTERN = NO;
				GCC_OPTIMIZATION_LEVEL = 0;
				GCC_PREPROCESSOR_DEFINITIONS = ("'CMAKE_INTDIR=\"$(CONFIGURATION)$(EFFECTIVE_PLATFORM_NAME)\"'","$(inherited)");
				GCC_SYMBOLS_PRIVATE_EXTERN = NO;
				INSTALL_PATH = "";
				ONLY_ACTIVE_ARCH = NO;
				OTHER_LDFLAGS = ("","$(inherited)");
				OTHER_REZFLAGS = "";
				PRODUCT_NAME = install;
				SECTORDER_FLAGS = "";
				USE_HEADERMAP = NO;
				WARNING_CFLAGS = ("$(inherited)");
			};
			name = RelWithDebInfo;
		};
		BB08CDB876E94F598691BB2C /* Release */ = {
			isa = XCBuildConfiguration;
			buildSettings = {
				ALWAYS_SEARCH_USER_PATHS = NO;
				ARCHS = arm64;
				COMBINE_HIDPI_IMAGES = YES;
				GCC_GENERATE_DEBUGGING_SYMBOLS = YES;
				GCC_INLINES_ARE_PRIVATE_EXTERN = NO;
				GCC_OPTIMIZATION_LEVEL = 0;
				GCC_PREPROCESSOR_DEFINITIONS = ("'CMAKE_INTDIR=\"$(CONFIGURATION)$(EFFECTIVE_PLATFORM_NAME)\"'","$(inherited)");
				GCC_SYMBOLS_PRIVATE_EXTERN = NO;
				INSTALL_PATH = "";
				ONLY_ACTIVE_ARCH = NO;
				OTHER_LDFLAGS = ("","$(inherited)");
				OTHER_REZFLAGS = "";
				PRODUCT_NAME = ZERO_CHECK;
				SECTORDER_FLAGS = "";
				USE_HEADERMAP = NO;
				WARNING_CFLAGS = ("$(inherited)");
			};
			name = Release;
		};
		C64CF2D43F974D0D90FED3DF /* Debug */ = {
			isa = XCBuildConfiguration;
			buildSettings = {
				ALWAYS_SEARCH_USER_PATHS = NO;
				ARCHS = arm64;
				COMBINE_HIDPI_IMAGES = YES;
				GCC_GENERATE_DEBUGGING_SYMBOLS = YES;
				GCC_INLINES_ARE_PRIVATE_EXTERN = NO;
				GCC_OPTIMIZATION_LEVEL = 0;
				GCC_PREPROCESSOR_DEFINITIONS = ("'CMAKE_INTDIR=\"$(CONFIGURATION)$(EFFECTIVE_PLATFORM_NAME)\"'","$(inherited)");
				GCC_SYMBOLS_PRIVATE_EXTERN = NO;
				INSTALL_PATH = "";
				ONLY_ACTIVE_ARCH = NO;
				OTHER_LDFLAGS = ("","$(inherited)");
				OTHER_REZFLAGS = "";
				PRODUCT_NAME = OrderBookWidget_autogen;
				SECTORDER_FLAGS = "";
				USE_HEADERMAP = NO;
				WARNING_CFLAGS = ("$(inherited)");
			};
			name = Debug;
		};
		CD838A1675E64B2692143923 /* RelWithDebInfo */ = {
			isa = XCBuildConfiguration;
			buildSettings = {
				ALWAYS_SEARCH_USER_PATHS = NO;
				ARCHS = arm64;
				COMBINE_HIDPI_IMAGES = YES;
				GCC_GENERATE_DEBUGGING_SYMBOLS = YES;
				GCC_INLINES_ARE_PRIVATE_EXTERN = NO;
				GCC_OPTIMIZATION_LEVEL = 0;
				GCC_PREPROCESSOR_DEFINITIONS = ("'CMAKE_INTDIR=\"$(CONFIGURATION)$(EFFECTIVE_PLATFORM_NAME)\"'","$(inherited)");
				GCC_SYMBOLS_PRIVATE_EXTERN = NO;
				INSTALL_PATH = "";
				ONLY_ACTIVE_ARCH = NO;
				OTHER_LDFLAGS = ("","$(inherited)");
				OTHER_REZFLAGS = "";
				PRODUCT_NAME = ALL_BUILD;
				SECTORDER_FLAGS = "";
				USE_HEADERMAP = NO;
				WARNING_CFLAGS = ("$(inherited)");
			};
			name = RelWithDebInfo;
		};
		D56F99E67C2045B9AFA2B889 /* MinSizeRel */ = {
			isa = XCBuildConfiguration;
			buildSettings = {
				ALWAYS_SEARCH_USER_PATHS = NO;
				ARCHS = arm64;
				COMBINE_HIDPI_IMAGES = YES;
				GCC_GENERATE_DEBUGGING_SYMBOLS = YES;
				GCC_INLINES_ARE_PRIVATE_EXTERN = NO;
				GCC_OPTIMIZATION_LEVEL = 0;
				GCC_PREPROCESSOR_DEFINITIONS = ("'CMAKE_INTDIR=\"$(CONFIGURATION)$(EFFECTIVE_PLATFORM_NAME)\"'","$(inherited)");
				GCC_SYMBOLS_PRIVATE_EXTERN = NO;
				INSTALL_PATH = "";
				ONLY_ACTIVE_ARCH = NO;
				OTHER_LDFLAGS = ("","$(inherited)");
				OTHER_REZFLAGS = "";
				PRODUCT_NAME = ALL_BUILD;
				SECTORDER_FLAGS = "";
				USE_HEADERMAP = NO;
				WARNING_CFLAGS = ("$(inherited)");
			};
			name = MinSizeRel;
		};
		DBCCB99A1A78491285AB14EA /* Release */ = {
			isa = XCBuildConfiguration;
			buildSettings = {
				ALWAYS_SEARCH_USER_PATHS = NO;
				ARCHS = arm64;
				COMBINE_HIDPI_IMAGES = YES;
				GCC_GENERATE_DEBUGGING_SYMBOLS = YES;
				GCC_INLINES_ARE_PRIVATE_EXTERN = NO;
				GCC_OPTIMIZATION_LEVEL = 0;
				GCC_PREPROCESSOR_DEFINITIONS = ("'CMAKE_INTDIR=\"$(CONFIGURATION)$(EFFECTIVE_PLATFORM_NAME)\"'","$(inherited)");
				GCC_SYMBOLS_PRIVATE_EXTERN = NO;
				INSTALL_PATH = "";
				ONLY_ACTIVE_ARCH = NO;
				OTHER_LDFLAGS = ("","$(inherited)");
				OTHER_REZFLAGS = "";
				PRODUCT_NAME = OrderBookWidget_autogen;
				SECTORDER_FLAGS = "";
				USE_HEADERMAP = NO;
				WARNING_CFLAGS = ("$(inherited)");
			};
			name = Release;
		};
		FDEAC87C8EE44D50B5568564 /* MinSizeRel */ = {
			isa = XCBuildConfiguration;
			buildSettings = {
				ALWAYS_SEARCH_USER_PATHS = NO;
				ARCHS = arm64;
				COMBINE_HIDPI_IMAGES = YES;
				GCC_GENERATE_DEBUGGING_SYMBOLS = YES;
				GCC_INLINES_ARE_PRIVATE_EXTERN = NO;
				GCC_OPTIMIZATION_LEVEL = 0;
				GCC_PREPROCESSOR_DEFINITIONS = ("'CMAKE_INTDIR=\"$(CONFIGURATION)$(EFFECTIVE_PLATFORM_NAME)\"'","$(inherited)");
				GCC_SYMBOLS_PRIVATE_EXTERN = NO;
				INSTALL_PATH = "";
				ONLY_ACTIVE_ARCH = NO;
				OTHER_LDFLAGS = ("","$(inherited)");
				OTHER_REZFLAGS = "";
				PRODUCT_NAME = ZERO_CHECK;
				SECTORDER_FLAGS = "";
				USE_HEADERMAP = NO;
				WARNING_CFLAGS = ("$(inherited)");
			};
			name = MinSizeRel;
		};
/* End XCBuildConfiguration section */

/* Begin XCConfigurationList section */
		02C1E618EC9C4A75BC5880CB /* Build configuration list for PBXAggregateTarget "install" */ = {
			isa = XCConfigurationList;
			buildConfigurations = (
				29E0F5C1828349269BC0835F /* Debug */,
				8286C1F12C3942CAB9EF16FA /* Release */,
				8EDD9CD379CF4A2393ADE37E /* MinSizeRel */,
				A94FDB4D00204B07B267EE68 /* RelWithDebInfo */,
			);
			defaultConfigurationIsVisible = 0;
			defaultConfigurationName = Debug;
		};
		0AD3EC32D77B4DCCA63D83D8 /* Build configuration list for PBXAggregateTarget "OrderBookWidget_autogen" */ = {
			isa = XCConfigurationList;
			buildConfigurations = (
				C64CF2D43F974D0D90FED3DF /* Debug */,
				DBCCB99A1A78491285AB14EA /* Release */,
				56B22EED15DB4F7296C0C52E /* MinSizeRel */,
				3D248C21ED3C48C78544EBAC /* RelWithDebInfo */,
			);
			defaultConfigurationIsVisible = 0;
			defaultConfigurationName = Debug;
		};
		0DF789F4DD98427E9A599135 /* Build configuration list for PBXProject "OrderBookWidget" */ = {
			isa = XCConfigurationList;
			buildConfigurations = (
				66B902451FF0415CB9869BA0 /* Debug */,
				779EFD8B7AD6458BA40A8628 /* Release */,
				586E969140B143B4B2665CAF /* MinSizeRel */,
				5AE8D2EB5CB34032984FA7B0 /* RelWithDebInfo */,
			);
			defaultConfigurationIsVisible = 0;
			defaultConfigurationName = Debug;
		};
		AA61B87A4F224AD092F8C147 /* Build configuration list for PBXNativeTarget "OrderBookWidget" */ = {
			isa = XCConfigurationList;
			buildConfigurations = (
				7B709F7E9CC746CDB82EAD8D /* Debug */,
				25A960CDCF494EFBBEE5E745 /* Release */,
				34619923F0F54039BDB0F42D /* MinSizeRel */,
				0BD2B3228D474D6B922B81DE /* RelWithDebInfo */,
			);
			defaultConfigurationIsVisible = 0;
			defaultConfigurationName = Debug;
		};
		AED941C49D34480C851664BC /* Build configuration list for PBXAggregateTarget "ALL_BUILD" */ = {
			isa = XCConfigurationList;
			buildConfigurations = (
				7488F899EBA9480D8C7FFBB5 /* Debug */,
				58B0679E9A36462CB6AFEEFC /* Release */,
				D56F99E67C2045B9AFA2B889 /* MinSizeRel */,
				CD838A1675E64B2692143923 /* RelWithDebInfo */,
			);
			defaultConfigurationIsVisible = 0;
			defaultConfigurationName = Debug;
		};
		EE4E5025100445A9ABF0F521 /* Build configuration list for PBXAggregateTarget "ZERO_CHECK" */ = {
			isa = XCConfigurationList;
			buildConfigurations = (
				9FD14BA5746648BBAAF2EE6F /* Debug */,
				BB08CDB876E94F598691BB2C /* Release */,
				FDEAC87C8EE44D50B5568564 /* MinSizeRel */,
				76403D5D4B7A4A93B55A429A /* RelWithDebInfo */,
			);
			defaultConfigurationIsVisible = 0;
			defaultConfigurationName = Debug;
		};
/* End XCConfigurationList section */
	};
	rootObject = 7EB469D99B624416AA1EEFE9 /* Project object */;
}
